# THIS IS AN AUTOGENERATED FILE. DO NOT EDIT THIS FILE DIRECTLY.
# yarn lockfile v1


react-confetti@^6.2.2:
  version "6.2.2"
  resolved "https://registry.yarnpkg.com/react-confetti/-/react-confetti-6.2.2.tgz#b72888889b10b6707a91adca919dd35c653f4bb2"
  integrity sha512-K+kTyOPgX+ZujMZ+Rmb7pZdHBvg+DzinG/w4Eh52WOB8/pfO38efnnrtEZNJmjTvLxc16RBYO+tPM68Fg8viBA==
  dependencies:
    tween-functions "^1.2.0"

tween-functions@^1.2.0:
  version "1.2.0"
  resolved "https://registry.yarnpkg.com/tween-functions/-/tween-functions-1.2.0.tgz#1ae3a50e7c60bb3def774eac707acbca73bbc3ff"
  integrity sha512-PZBtLYcCLtEcjL14Fzb1gSxPBeL7nWvGhO5ZFPGqziCcr8uvHp0NDmdjBchp6KHL+tExcg0m3NISmKxhU394dA==
